
Microsoft Visual Studio Solution File, Format Version 12.00
# Visual Studio Version 17
VisualStudioVersion = 17.8.34511.84
MinimumVisualStudioVersion = 10.0.40219.1
Project("{FAE04EC0-301F-11D3-BF4B-00C04F79EFBC}") = "DXHtmlEditor", "DXHtmlEditor.csproj", "{2A9B94DA-5442-43D0-A6A7-17C724D1E947}"
EndProject
Global
	GlobalSection(SolutionConfigurationPlatforms) = preSolution
		Debug|Any CPU = Debug|Any CPU
		Release|Any CPU = Release|Any CPU
	EndGlobalSection
	GlobalSection(ProjectConfigurationPlatforms) = postSolution
		{2A9B94DA-5442-43D0-A6A7-17C724D1E947}.Debug|Any CPU.ActiveCfg = Debug|Any CPU
		{2A9B94DA-5442-43D0-A6A7-17C724D1E947}.Debug|Any CPU.Build.0 = Debug|Any CPU
		{2A9B94DA-5442-43D0-A6A7-17C724D1E947}.Release|Any CPU.ActiveCfg = Release|Any CPU
		{2A9B94DA-5442-43D0-A6A7-17C724D1E947}.Release|Any CPU.Build.0 = Release|Any CPU
	EndGlobalSection
	GlobalSection(SolutionProperties) = preSolution
		HideSolutionNode = FALSE
	EndGlobalSection
	GlobalSection(ExtensibilityGlobals) = postSolution
		SolutionGuid = {BFB39E5B-0BE8-416E-A378-3E2C5BB1EE0C}
	EndGlobalSection
EndGlobal
